{
  "name": "web-231",
  "lockfileVersion": 2,
  "requires": true,
  "packages": {
    "": {
      "dependencies": {
        "@mdi/font": "^5.4.55"
      }
    },
    "node_modules/@mdi/font": {
      "version": "5.4.55",
      "resolved": "https://registry.npmjs.org/@mdi/font/-/font-5.4.55.tgz",
      "integrity": "sha512-M+Wdcs4nZ4/Kid949fcI0DsnvHtpE6pwk6Hv8YJZDp+Zne7ZtYdIN0z73cvcANkbyNnY3ncScULGMIceNd0xxQ=="
    }
  },
  "dependencies": {
    "@mdi/font": {
      "version": "5.4.55",
      "resolved": "https://registry.npmjs.org/@mdi/font/-/font-5.4.55.tgz",
      "integrity": "sha512-M+Wdcs4nZ4/Kid949fcI0DsnvHtpE6pwk6Hv8YJZDp+Zne7ZtYdIN0z73cvcANkbyNnY3ncScULGMIceNd0xxQ=="
    }
  }
}
